
Microsoft Visual Studio Solution File, Format Version 12.00
# Visual Studio Version 16
VisualStudioVersion = 16.0.30104.148
MinimumVisualStudioVersion = 10.0.40219.1
Project("{FAE04EC0-301F-11D3-BF4B-00C04F79EFBC}") = "Common", "Common\Common.csproj", "{49487913-18B4-49AB-8B26-E56EDA36865C}"
EndProject
Global
	GlobalSection(SolutionConfigurationPlatforms) = preSolution
		Debug|Any CPU = Debug|Any CPU
		Release|Any CPU = Release|Any CPU
	EndGlobalSection
	GlobalSection(ProjectConfigurationPlatforms) = postSolution
		{49487913-18B4-49AB-8B26-E56EDA36865C}.Debug|Any CPU.ActiveCfg = Debug|Any CPU
		{49487913-18B4-49AB-8B26-E56EDA36865C}.Debug|Any CPU.Build.0 = Debug|Any CPU
		{49487913-18B4-49AB-8B26-E56EDA36865C}.Release|Any CPU.ActiveCfg = Release|Any CPU
		{49487913-18B4-49AB-8B26-E56EDA36865C}.Release|Any CPU.Build.0 = Release|Any CPU
	EndGlobalSection
	GlobalSection(SolutionProperties) = preSolution
		HideSolutionNode = FALSE
	EndGlobalSection
	GlobalSection(ExtensibilityGlobals) = postSolution
		SolutionGuid = {63913454-9B6A-4CAD-8468-91EB6BAF7786}
	EndGlobalSection
EndGlobal
